
Microsoft Visual Studio Solution File, Format Version 12.00
# Visual Studio Version 17
VisualStudioVersion = 17.5.33530.505
MinimumVisualStudioVersion = 10.0.40219.1
Project("{FAE04EC0-301F-11D3-BF4B-00C04F79EFBC}") = "Autos", "Autos\Autos.csproj", "{4EB53DC0-271F-44F3-ADF3-E14AC777249A}"
EndProject
Global
	GlobalSection(SolutionConfigurationPlatforms) = preSolution
		Debug|Any CPU = Debug|Any CPU
		Release|Any CPU = Release|Any CPU
	EndGlobalSection
	GlobalSection(ProjectConfigurationPlatforms) = postSolution
		{4EB53DC0-271F-44F3-ADF3-E14AC777249A}.Debug|Any CPU.ActiveCfg = Debug|Any CPU
		{4EB53DC0-271F-44F3-ADF3-E14AC777249A}.Debug|Any CPU.Build.0 = Debug|Any CPU
		{4EB53DC0-271F-44F3-ADF3-E14AC777249A}.Release|Any CPU.ActiveCfg = Release|Any CPU
		{4EB53DC0-271F-44F3-ADF3-E14AC777249A}.Release|Any CPU.Build.0 = Release|Any CPU
	EndGlobalSection
	GlobalSection(SolutionProperties) = preSolution
		HideSolutionNode = FALSE
	EndGlobalSection
	GlobalSection(ExtensibilityGlobals) = postSolution
		SolutionGuid = {4E3B35E4-DD7F-492A-8C71-CAD07486A797}
	EndGlobalSection
EndGlobal
